
Microsoft Visual Studio Solution File, Format Version 12.00
# Visual Studio Version 17
VisualStudioVersion = 17.9.34622.214
MinimumVisualStudioVersion = 10.0.40219.1
Project("{FAE04EC0-301F-11D3-BF4B-00C04F79EFBC}") = "ProfessorApp", "ProfessorApp.csproj", "{9D5050DA-8ECB-40B7-9BD2-F515BBDD3A3C}"
EndProject
Global
	GlobalSection(SolutionConfigurationPlatforms) = preSolution
		Debug|Any CPU = Debug|Any CPU
		Release|Any CPU = Release|Any CPU
	EndGlobalSection
	GlobalSection(ProjectConfigurationPlatforms) = postSolution
		{9D5050DA-8ECB-40B7-9BD2-F515BBDD3A3C}.Debug|Any CPU.ActiveCfg = Debug|Any CPU
		{9D5050DA-8ECB-40B7-9BD2-F515BBDD3A3C}.Debug|Any CPU.Build.0 = Debug|Any CPU
		{9D5050DA-8ECB-40B7-9BD2-F515BBDD3A3C}.Release|Any CPU.ActiveCfg = Release|Any CPU
		{9D5050DA-8ECB-40B7-9BD2-F515BBDD3A3C}.Release|Any CPU.Build.0 = Release|Any CPU
	EndGlobalSection
	GlobalSection(SolutionProperties) = preSolution
		HideSolutionNode = FALSE
	EndGlobalSection
	GlobalSection(ExtensibilityGlobals) = postSolution
		SolutionGuid = {82C71D98-B700-4542-BDAC-A7C73288C705}
	EndGlobalSection
EndGlobal
